
Microsoft Visual Studio Solution File, Format Version 12.00
# Visual Studio Version 17
VisualStudioVersion = 17.13.35931.197 d17.13
MinimumVisualStudioVersion = 10.0.40219.1
Project("{FAE04EC0-301F-11D3-BF4B-00C04F79EFBC}") = "Nitrox-PublixExtension", "Nitrox-PublixExtension.csproj", "{29EBBCCE-AC1E-4E84-BCA7-E530D052437E}"
EndProject
Global
	GlobalSection(SolutionConfigurationPlatforms) = preSolution
		Debug|Any CPU = Debug|Any CPU
		Release|Any CPU = Release|Any CPU
	EndGlobalSection
	GlobalSection(ProjectConfigurationPlatforms) = postSolution
		{29EBBCCE-AC1E-4E84-BCA7-E530D052437E}.Debug|Any CPU.ActiveCfg = Debug|Any CPU
		{29EBBCCE-AC1E-4E84-BCA7-E530D052437E}.Debug|Any CPU.Build.0 = Debug|Any CPU
		{29EBBCCE-AC1E-4E84-BCA7-E530D052437E}.Release|Any CPU.ActiveCfg = Release|Any CPU
		{29EBBCCE-AC1E-4E84-BCA7-E530D052437E}.Release|Any CPU.Build.0 = Release|Any CPU
	EndGlobalSection
	GlobalSection(SolutionProperties) = preSolution
		HideSolutionNode = FALSE
	EndGlobalSection
	GlobalSection(ExtensibilityGlobals) = postSolution
		SolutionGuid = {323B512F-0875-4F10-AAF4-3ACAF4A797CC}
	EndGlobalSection
EndGlobal
